// !$*UTF8*$!
{
	archiveVersion = 1;
	classes = {
	};
	objectVersion = 51;
	objects = {

/* Begin PBXBuildFile section */
		1FCE4F40C96772CB0B97EF40 /* Pods_TypeRacerTypeBeat_TypeRacerTypeBeatUITests.framework in Frameworks */ = {isa = PBXBuildFile; fileRef = 86C46C4A199497E877B08F24 /* Pods_TypeRacerTypeBeat_TypeRacerTypeBeatUITests.framework */; };
		2B60B073AB13E4BE40DB6B37 /* Pods_TypeRacerTypeBeatTests.framework in Frameworks */ = {isa = PBXBuildFile; fileRef = CA4A10DB50F4C30C30C6CE03 /* Pods_TypeRacerTypeBeatTests.framework */; };
		9B33734227E5CED400C607CC /* AppDelegate.swift in Sources */ = {isa = PBXBuildFile; fileRef = 9B33734127E5CED400C607CC /* AppDelegate.swift */; };
		9B33734427E5CED400C607CC /* SceneDelegate.swift in Sources */ = {isa = PBXBuildFile; fileRef = 9B33734327E5CED400C607CC /* SceneDelegate.swift */; };
		9B33734627E5CED400C607CC /* HomeViewController.swift in Sources */ = {isa = PBXBuildFile; fileRef = 9B33734527E5CED400C607CC /* HomeViewController.swift */; };
		9B33734927E5CED400C607CC /* Main.storyboard in Resources */ = {isa = PBXBuildFile; fileRef = 9B33734727E5CED400C607CC /* Main.storyboard */; };
		9B33734C27E5CED400C607CC /* TypeRacerTypeBeat.xcdatamodeld in Sources */ = {isa = PBXBuildFile; fileRef = 9B33734A27E5CED400C607CC /* TypeRacerTypeBeat.xcdatamodeld */; };
		9B33734E27E5CED600C607CC /* Assets.xcassets in Resources */ = {isa = PBXBuildFile; fileRef = 9B33734D27E5CED600C607CC /* Assets.xcassets */; };
		9B33735127E5CED600C607CC /* LaunchScreen.storyboard in Resources */ = {isa = PBXBuildFile; fileRef = 9B33734F27E5CED600C607CC /* LaunchScreen.storyboard */; };
		9B33735C27E5CED600C607CC /* TypeRacerTypeBeatTests.swift in Sources */ = {isa = PBXBuildFile; fileRef = 9B33735B27E5CED600C607CC /* TypeRacerTypeBeatTests.swift */; };
		9B33736727E5CED600C607CC /* TypeRacerTypeBeatUITests.swift in Sources */ = {isa = PBXBuildFile; fileRef = 9B33736627E5CED600C607CC /* TypeRacerTypeBeatUITests.swift */; };
		9B33737527E5D0C500C607CC /* BattleViewController.swift in Sources */ = {isa = PBXBuildFile; fileRef = 9B33737427E5D0C500C607CC /* BattleViewController.swift */; };
		CBD7BE7E2CC13B8EAD064B5F /* Pods_TypeRacerTypeBeat.framework in Frameworks */ = {isa = PBXBuildFile; fileRef = DC4CAE9822CBD00B701558AC /* Pods_TypeRacerTypeBeat.framework */; };
		DD5E715427E953E400975A58 /* GameManager.swift in Sources */ = {isa = PBXBuildFile; fileRef = DD5E715327E953E400975A58 /* GameManager.swift */; };
		DD5E715627E957DC00975A58 /* ComboSystem.swift in Sources */ = {isa = PBXBuildFile; fileRef = DD5E715527E957DC00975A58 /* ComboSystem.swift */; };
/* End PBXBuildFile section */

/* Begin PBXContainerItemProxy section */
		9B33735827E5CED600C607CC /* PBXContainerItemProxy */ = {
			isa = PBXContainerItemProxy;
			containerPortal = 9B33733627E5CED400C607CC /* Project object */;
			proxyType = 1;
			remoteGlobalIDString = 9B33733D27E5CED400C607CC;
			remoteInfo = TypeRacerTypeBeat;
		};
		9B33736327E5CED600C607CC /* PBXContainerItemProxy */ = {
			isa = PBXContainerItemProxy;
			containerPortal = 9B33733627E5CED400C607CC /* Project object */;
			proxyType = 1;
			remoteGlobalIDString = 9B33733D27E5CED400C607CC;
			remoteInfo = TypeRacerTypeBeat;
		};
/* End PBXContainerItemProxy section */

/* Begin PBXFileReference section */
		146E5D0E0C75AD96700FDB1B /* Pods-TypeRacerTypeBeatTests.release.xcconfig */ = {isa = PBXFileReference; includeInIndex = 1; lastKnownFileType = text.xcconfig; name = "Pods-TypeRacerTypeBeatTests.release.xcconfig"; path = "Target Support Files/Pods-TypeRacerTypeBeatTests/Pods-TypeRacerTypeBeatTests.release.xcconfig"; sourceTree = "<group>"; };
		643669659342CA93EFE8CF3D /* Pods-TypeRacerTypeBeat.release.xcconfig */ = {isa = PBXFileReference; includeInIndex = 1; lastKnownFileType = text.xcconfig; name = "Pods-TypeRacerTypeBeat.release.xcconfig"; path = "Target Support Files/Pods-TypeRacerTypeBeat/Pods-TypeRacerTypeBeat.release.xcconfig"; sourceTree = "<group>"; };
		6ACCE07851342E957236006C /* Pods-TypeRacerTypeBeat-TypeRacerTypeBeatUITests.release.xcconfig */ = {isa = PBXFileReference; includeInIndex = 1; lastKnownFileType = text.xcconfig; name = "Pods-TypeRacerTypeBeat-TypeRacerTypeBeatUITests.release.xcconfig"; path = "Target Support Files/Pods-TypeRacerTypeBeat-TypeRacerTypeBeatUITests/Pods-TypeRacerTypeBeat-TypeRacerTypeBeatUITests.release.xcconfig"; sourceTree = "<group>"; };
		86C46C4A199497E877B08F24 /* Pods_TypeRacerTypeBeat_TypeRacerTypeBeatUITests.framework */ = {isa = PBXFileReference; explicitFileType = wrapper.framework; includeInIndex = 0; path = Pods_TypeRacerTypeBeat_TypeRacerTypeBeatUITests.framework; sourceTree = BUILT_PRODUCTS_DIR; };
		9B33733E27E5CED400C607CC /* TypeRacerTypeBeat.app */ = {isa = PBXFileReference; explicitFileType = wrapper.application; includeInIndex = 0; path = TypeRacerTypeBeat.app; sourceTree = BUILT_PRODUCTS_DIR; };
		9B33734127E5CED400C607CC /* AppDelegate.swift */ = {isa = PBXFileReference; lastKnownFileType = sourcecode.swift; path = AppDelegate.swift; sourceTree = "<group>"; };
		9B33734327E5CED400C607CC /* SceneDelegate.swift */ = {isa = PBXFileReference; lastKnownFileType = sourcecode.swift; path = SceneDelegate.swift; sourceTree = "<group>"; };
		9B33734527E5CED400C607CC /* HomeViewController.swift */ = {isa = PBXFileReference; lastKnownFileType = sourcecode.swift; path = HomeViewController.swift; sourceTree = "<group>"; };
		9B33734827E5CED400C607CC /* Base */ = {isa = PBXFileReference; lastKnownFileType = file.storyboard; name = Base; path = Base.lproj/Main.storyboard; sourceTree = "<group>"; };
		9B33734B27E5CED400C607CC /* TypeRacerTypeBeat.xcdatamodel */ = {isa = PBXFileReference; lastKnownFileType = wrapper.xcdatamodel; path = TypeRacerTypeBeat.xcdatamodel; sourceTree = "<group>"; };
		9B33734D27E5CED600C607CC /* Assets.xcassets */ = {isa = PBXFileReference; lastKnownFileType = folder.assetcatalog; path = Assets.xcassets; sourceTree = "<group>"; };
		9B33735027E5CED600C607CC /* Base */ = {isa = PBXFileReference; lastKnownFileType = file.storyboard; name = Base; path = Base.lproj/LaunchScreen.storyboard; sourceTree = "<group>"; };
		9B33735227E5CED600C607CC /* Info.plist */ = {isa = PBXFileReference; lastKnownFileType = text.plist.xml; path = Info.plist; sourceTree = "<group>"; };
		9B33735727E5CED600C607CC /* TypeRacerTypeBeatTests.xctest */ = {isa = PBXFileReference; explicitFileType = wrapper.cfbundle; includeInIndex = 0; path = TypeRacerTypeBeatTests.xctest; sourceTree = BUILT_PRODUCTS_DIR; };
		9B33735B27E5CED600C607CC /* TypeRacerTypeBeatTests.swift */ = {isa = PBXFileReference; lastKnownFileType = sourcecode.swift; path = TypeRacerTypeBeatTests.swift; sourceTree = "<group>"; };
		9B33735D27E5CED600C607CC /* Info.plist */ = {isa = PBXFileReference; lastKnownFileType = text.plist.xml; path = Info.plist; sourceTree = "<group>"; };
		9B33736227E5CED600C607CC /* TypeRacerTypeBeatUITests.xctest */ = {isa = PBXFileReference; explicitFileType = wrapper.cfbundle; includeInIndex = 0; path = TypeRacerTypeBeatUITests.xctest; sourceTree = BUILT_PRODUCTS_DIR; };
		9B33736627E5CED600C607CC /* TypeRacerTypeBeatUITests.swift */ = {isa = PBXFileReference; lastKnownFileType = sourcecode.swift; path = TypeRacerTypeBeatUITests.swift; sourceTree = "<group>"; };
		9B33736827E5CED600C607CC /* Info.plist */ = {isa = PBXFileReference; lastKnownFileType = text.plist.xml; path = Info.plist; sourceTree = "<group>"; };
		9B33737427E5D0C500C607CC /* BattleViewController.swift */ = {isa = PBXFileReference; lastKnownFileType = sourcecode.swift; path = BattleViewController.swift; sourceTree = "<group>"; };
		AFCD81028E642134F4DB0CA1 /* Pods-TypeRacerTypeBeat-TypeRacerTypeBeatUITests.debug.xcconfig */ = {isa = PBXFileReference; includeInIndex = 1; lastKnownFileType = text.xcconfig; name = "Pods-TypeRacerTypeBeat-TypeRacerTypeBeatUITests.debug.xcconfig"; path = "Target Support Files/Pods-TypeRacerTypeBeat-TypeRacerTypeBeatUITests/Pods-TypeRacerTypeBeat-TypeRacerTypeBeatUITests.debug.xcconfig"; sourceTree = "<group>"; };
		C1A78C64C2B1B4F053B22061 /* Pods-TypeRacerTypeBeat.debug.xcconfig */ = {isa = PBXFileReference; includeInIndex = 1; lastKnownFileType = text.xcconfig; name = "Pods-TypeRacerTypeBeat.debug.xcconfig"; path = "Target Support Files/Pods-TypeRacerTypeBeat/Pods-TypeRacerTypeBeat.debug.xcconfig"; sourceTree = "<group>"; };
		CA4A10DB50F4C30C30C6CE03 /* Pods_TypeRacerTypeBeatTests.framework */ = {isa = PBXFileReference; explicitFileType = wrapper.framework; includeInIndex = 0; path = Pods_TypeRacerTypeBeatTests.framework; sourceTree = BUILT_PRODUCTS_DIR; };
		DC4CAE9822CBD00B701558AC /* Pods_TypeRacerTypeBeat.framework */ = {isa = PBXFileReference; explicitFileType = wrapper.framework; includeInIndex = 0; path = Pods_TypeRacerTypeBeat.framework; sourceTree = BUILT_PRODUCTS_DIR; };
		DD5E715327E953E400975A58 /* GameManager.swift */ = {isa = PBXFileReference; lastKnownFileType = sourcecode.swift; path = GameManager.swift; sourceTree = "<group>"; };
		DD5E715527E957DC00975A58 /* ComboSystem.swift */ = {isa = PBXFileReference; lastKnownFileType = sourcecode.swift; path = ComboSystem.swift; sourceTree = "<group>"; };
		FE053E13346372C4FFFF13C2 /* Pods-TypeRacerTypeBeatTests.debug.xcconfig */ = {isa = PBXFileReference; includeInIndex = 1; lastKnownFileType = text.xcconfig; name = "Pods-TypeRacerTypeBeatTests.debug.xcconfig"; path = "Target Support Files/Pods-TypeRacerTypeBeatTests/Pods-TypeRacerTypeBeatTests.debug.xcconfig"; sourceTree = "<group>"; };
/* End PBXFileReference section */

/* Begin PBXFrameworksBuildPhase section */
		9B33733B27E5CED400C607CC /* Frameworks */ = {
			isa = PBXFrameworksBuildPhase;
			buildActionMask = 2147483647;
			files = (
				CBD7BE7E2CC13B8EAD064B5F /* Pods_TypeRacerTypeBeat.framework in Frameworks */,
			);
			runOnlyForDeploymentPostprocessing = 0;
		};
		9B33735427E5CED600C607CC /* Frameworks */ = {
			isa = PBXFrameworksBuildPhase;
			buildActionMask = 2147483647;
			files = (
				2B60B073AB13E4BE40DB6B37 /* Pods_TypeRacerTypeBeatTests.framework in Frameworks */,
			);
			runOnlyForDeploymentPostprocessing = 0;
		};
		9B33735F27E5CED600C607CC /* Frameworks */ = {
			isa = PBXFrameworksBuildPhase;
			buildActionMask = 2147483647;
			files = (
				1FCE4F40C96772CB0B97EF40 /* Pods_TypeRacerTypeBeat_TypeRacerTypeBeatUITests.framework in Frameworks */,
			);
			runOnlyForDeploymentPostprocessing = 0;
		};
/* End PBXFrameworksBuildPhase section */

/* Begin PBXGroup section */
		127C9360D39B2A808C232D25 /* Pods */ = {
			isa = PBXGroup;
			children = (
				C1A78C64C2B1B4F053B22061 /* Pods-TypeRacerTypeBeat.debug.xcconfig */,
				643669659342CA93EFE8CF3D /* Pods-TypeRacerTypeBeat.release.xcconfig */,
				AFCD81028E642134F4DB0CA1 /* Pods-TypeRacerTypeBeat-TypeRacerTypeBeatUITests.debug.xcconfig */,
				6ACCE07851342E957236006C /* Pods-TypeRacerTypeBeat-TypeRacerTypeBeatUITests.release.xcconfig */,
				FE053E13346372C4FFFF13C2 /* Pods-TypeRacerTypeBeatTests.debug.xcconfig */,
				146E5D0E0C75AD96700FDB1B /* Pods-TypeRacerTypeBeatTests.release.xcconfig */,
			);
			path = Pods;
			sourceTree = "<group>";
		};
		9B33733527E5CED400C607CC = {
			isa = PBXGroup;
			children = (
				9B33734027E5CED400C607CC /* TypeRacerTypeBeat */,
				9B33735A27E5CED600C607CC /* TypeRacerTypeBeatTests */,
				9B33736527E5CED600C607CC /* TypeRacerTypeBeatUITests */,
				9B33733F27E5CED400C607CC /* Products */,
				127C9360D39B2A808C232D25 /* Pods */,
				C1B9DE6BF6449A4775919621 /* Frameworks */,
			);
			sourceTree = "<group>";
		};
		9B33733F27E5CED400C607CC /* Products */ = {
			isa = PBXGroup;
			children = (
				9B33733E27E5CED400C607CC /* TypeRacerTypeBeat.app */,
				9B33735727E5CED600C607CC /* TypeRacerTypeBeatTests.xctest */,
				9B33736227E5CED600C607CC /* TypeRacerTypeBeatUITests.xctest */,
			);
			name = Products;
			sourceTree = "<group>";
		};
		9B33734027E5CED400C607CC /* TypeRacerTypeBeat */ = {
			isa = PBXGroup;
			children = (
				9B33734127E5CED400C607CC /* AppDelegate.swift */,
				9B33734327E5CED400C607CC /* SceneDelegate.swift */,
				9B33734527E5CED400C607CC /* HomeViewController.swift */,
				9B33734727E5CED400C607CC /* Main.storyboard */,
				9B33734D27E5CED600C607CC /* Assets.xcassets */,
				9B33734F27E5CED600C607CC /* LaunchScreen.storyboard */,
				9B33735227E5CED600C607CC /* Info.plist */,
				9B33734A27E5CED400C607CC /* TypeRacerTypeBeat.xcdatamodeld */,
				9B33737427E5D0C500C607CC /* BattleViewController.swift */,
				DD5E715327E953E400975A58 /* GameManager.swift */,
				DD5E715527E957DC00975A58 /* ComboSystem.swift */,
			);
			path = TypeRacerTypeBeat;
			sourceTree = "<group>";
		};
		9B33735A27E5CED600C607CC /* TypeRacerTypeBeatTests */ = {
			isa = PBXGroup;
			children = (
				9B33735B27E5CED600C607CC /* TypeRacerTypeBeatTests.swift */,
				9B33735D27E5CED600C607CC /* Info.plist */,
			);
			path = TypeRacerTypeBeatTests;
			sourceTree = "<group>";
		};
		9B33736527E5CED600C607CC /* TypeRacerTypeBeatUITests */ = {
			isa = PBXGroup;
			children = (
				9B33736627E5CED600C607CC /* TypeRacerTypeBeatUITests.swift */,
				9B33736827E5CED600C607CC /* Info.plist */,
			);
			path = TypeRacerTypeBeatUITests;
			sourceTree = "<group>";
		};
		C1B9DE6BF6449A4775919621 /* Frameworks */ = {
			isa = PBXGroup;
			children = (
				DC4CAE9822CBD00B701558AC /* Pods_TypeRacerTypeBeat.framework */,
				86C46C4A199497E877B08F24 /* Pods_TypeRacerTypeBeat_TypeRacerTypeBeatUITests.framework */,
				CA4A10DB50F4C30C30C6CE03 /* Pods_TypeRacerTypeBeatTests.framework */,
			);
			name = Frameworks;
			sourceTree = "<group>";
		};
/* End PBXGroup section */

/* Begin PBXNativeTarget section */
		9B33733D27E5CED400C607CC /* TypeRacerTypeBeat */ = {
			isa = PBXNativeTarget;
			buildConfigurationList = 9B33736B27E5CED600C607CC /* Build configuration list for PBXNativeTarget "TypeRacerTypeBeat" */;
			buildPhases = (
				FB4CB65F8D34BE138A564948 /* [CP] Check Pods Manifest.lock */,
				9B33733A27E5CED400C607CC /* Sources */,
				9B33733B27E5CED400C607CC /* Frameworks */,
				9B33733C27E5CED400C607CC /* Resources */,
				5D7EC4B2678DC6D59251437E /* [CP] Embed Pods Frameworks */,
			);
			buildRules = (
			);
			dependencies = (
			);
			name = TypeRacerTypeBeat;
			productName = TypeRacerTypeBeat;
			productReference = 9B33733E27E5CED400C607CC /* TypeRacerTypeBeat.app */;
			productType = "com.apple.product-type.application";
		};
		9B33735627E5CED600C607CC /* TypeRacerTypeBeatTests */ = {
			isa = PBXNativeTarget;
			buildConfigurationList = 9B33736E27E5CED600C607CC /* Build configuration list for PBXNativeTarget "TypeRacerTypeBeatTests" */;
			buildPhases = (
				9BD3AA4EB65C35F81BC3DF90 /* [CP] Check Pods Manifest.lock */,
				9B33735327E5CED600C607CC /* Sources */,
				9B33735427E5CED600C607CC /* Frameworks */,
				9B33735527E5CED600C607CC /* Resources */,
			);
			buildRules = (
			);
			dependencies = (
				9B33735927E5CED600C607CC /* PBXTargetDependency */,
			);
			name = TypeRacerTypeBeatTests;
			productName = TypeRacerTypeBeatTests;
			productReference = 9B33735727E5CED600C607CC /* TypeRacerTypeBeatTests.xctest */;
			productType = "com.apple.product-type.bundle.unit-test";
		};
		9B33736127E5CED600C607CC /* TypeRacerTypeBeatUITests */ = {
			isa = PBXNativeTarget;
			buildConfigurationList = 9B33737127E5CED600C607CC /* Build configuration list for PBXNativeTarget "TypeRacerTypeBeatUITests" */;
			buildPhases = (
				3E505E541E3437B58D2B2BB4 /* [CP] Check Pods Manifest.lock */,
				9B33735E27E5CED600C607CC /* Sources */,
				9B33735F27E5CED600C607CC /* Frameworks */,
				9B33736027E5CED600C607CC /* Resources */,
				62D5DEFE9230CC4B9E5A9A07 /* [CP] Embed Pods Frameworks */,
			);
			buildRules = (
			);
			dependencies = (
				9B33736427E5CED600C607CC /* PBXTargetDependency */,
			);
			name = TypeRacerTypeBeatUITests;
			productName = TypeRacerTypeBeatUITests;
			productReference = 9B33736227E5CED600C607CC /* TypeRacerTypeBeatUITests.xctest */;
			productType = "com.apple.product-type.bundle.ui-testing";
		};
/* End PBXNativeTarget section */

/* Begin PBXProject section */
		9B33733627E5CED400C607CC /* Project object */ = {
			isa = PBXProject;
			attributes = {
				LastSwiftUpdateCheck = 1250;
				LastUpgradeCheck = 1250;
				TargetAttributes = {
					9B33733D27E5CED400C607CC = {
						CreatedOnToolsVersion = 12.5;
					};
					9B33735627E5CED600C607CC = {
						CreatedOnToolsVersion = 12.5;
						TestTargetID = 9B33733D27E5CED400C607CC;
					};
					9B33736127E5CED600C607CC = {
						CreatedOnToolsVersion = 12.5;
						TestTargetID = 9B33733D27E5CED400C607CC;
					};
				};
			};
			buildConfigurationList = 9B33733927E5CED400C607CC /* Build configuration list for PBXProject "TypeRacerTypeBeat" */;
			compatibilityVersion = "Xcode 9.3";
			developmentRegion = en;
			hasScannedForEncodings = 0;
			knownRegions = (
				en,
				Base,
			);
			mainGroup = 9B33733527E5CED400C607CC;
			productRefGroup = 9B33733F27E5CED400C607CC /* Products */;
			projectDirPath = "";
			projectRoot = "";
			targets = (
				9B33733D27E5CED400C607CC /* TypeRacerTypeBeat */,
				9B33735627E5CED600C607CC /* TypeRacerTypeBeatTests */,
				9B33736127E5CED600C607CC /* TypeRacerTypeBeatUITests */,
			);
		};
/* End PBXProject section */

/* Begin PBXResourcesBuildPhase section */
		9B33733C27E5CED400C607CC /* Resources */ = {
			isa = PBXResourcesBuildPhase;
			buildActionMask = 2147483647;
			files = (
				9B33735127E5CED600C607CC /* LaunchScreen.storyboard in Resources */,
				9B33734E27E5CED600C607CC /* Assets.xcassets in Resources */,
				9B33734927E5CED400C607CC /* Main.storyboard in Resources */,
			);
			runOnlyForDeploymentPostprocessing = 0;
		};
		9B33735527E5CED600C607CC /* Resources */ = {
			isa = PBXResourcesBuildPhase;
			buildActionMask = 2147483647;
			files = (
			);
			runOnlyForDeploymentPostprocessing = 0;
		};
		9B33736027E5CED600C607CC /* Resources */ = {
			isa = PBXResourcesBuildPhase;
			buildActionMask = 2147483647;
			files = (
			);
			runOnlyForDeploymentPostprocessing = 0;
		};
/* End PBXResourcesBuildPhase section */

/* Begin PBXShellScriptBuildPhase section */
		3E505E541E3437B58D2B2BB4 /* [CP] Check Pods Manifest.lock */ = {
			isa = PBXShellScriptBuildPhase;
			buildActionMask = 2147483647;
			files = (
			);
			inputFileListPaths = (
			);
			inputPaths = (
				"${PODS_PODFILE_DIR_PATH}/Podfile.lock",
				"${PODS_ROOT}/Manifest.lock",
			);
			name = "[CP] Check Pods Manifest.lock";
			outputFileListPaths = (
			);
			outputPaths = (
				"$(DERIVED_FILE_DIR)/Pods-TypeRacerTypeBeat-TypeRacerTypeBeatUITests-checkManifestLockResult.txt",
			);
			runOnlyForDeploymentPostprocessing = 0;
			shellPath = /bin/sh;
			shellScript = "diff \"${PODS_PODFILE_DIR_PATH}/Podfile.lock\" \"${PODS_ROOT}/Manifest.lock\" > /dev/null\nif [ $? != 0 ] ; then\n    # print error to STDERR\n    echo \"error: The sandbox is not in sync with the Podfile.lock. Run 'pod install' or update your CocoaPods installation.\" >&2\n    exit 1\nfi\n# This output is used by Xcode 'outputs' to avoid re-running this script phase.\necho \"SUCCESS\" > \"${SCRIPT_OUTPUT_FILE_0}\"\n";
			showEnvVarsInLog = 0;
		};
		5D7EC4B2678DC6D59251437E /* [CP] Embed Pods Frameworks */ = {
			isa = PBXShellScriptBuildPhase;
			buildActionMask = 2147483647;
			files = (
			);
			inputFileListPaths = (
				"${PODS_ROOT}/Target Support Files/Pods-TypeRacerTypeBeat/Pods-TypeRacerTypeBeat-frameworks-${CONFIGURATION}-input-files.xcfilelist",
			);
			name = "[CP] Embed Pods Frameworks";
			outputFileListPaths = (
				"${PODS_ROOT}/Target Support Files/Pods-TypeRacerTypeBeat/Pods-TypeRacerTypeBeat-frameworks-${CONFIGURATION}-output-files.xcfilelist",
			);
			runOnlyForDeploymentPostprocessing = 0;
			shellPath = /bin/sh;
			shellScript = "\"${PODS_ROOT}/Target Support Files/Pods-TypeRacerTypeBeat/Pods-TypeRacerTypeBeat-frameworks.sh\"\n";
			showEnvVarsInLog = 0;
		};
		62D5DEFE9230CC4B9E5A9A07 /* [CP] Embed Pods Frameworks */ = {
			isa = PBXShellScriptBuildPhase;
			buildActionMask = 2147483647;
			files = (
			);
			inputFileListPaths = (
				"${PODS_ROOT}/Target Support Files/Pods-TypeRacerTypeBeat-TypeRacerTypeBeatUITests/Pods-TypeRacerTypeBeat-TypeRacerTypeBeatUITests-frameworks-${CONFIGURATION}-input-files.xcfilelist",
			);
			name = "[CP] Embed Pods Frameworks";
			outputFileListPaths = (
				"${PODS_ROOT}/Target Support Files/Pods-TypeRacerTypeBeat-TypeRacerTypeBeatUITests/Pods-TypeRacerTypeBeat-TypeRacerTypeBeatUITests-frameworks-${CONFIGURATION}-output-files.xcfilelist",
			);
			runOnlyForDeploymentPostprocessing = 0;
			shellPath = /bin/sh;
			shellScript = "\"${PODS_ROOT}/Target Support Files/Pods-TypeRacerTypeBeat-TypeRacerTypeBeatUITests/Pods-TypeRacerTypeBeat-TypeRacerTypeBeatUITests-frameworks.sh\"\n";
			showEnvVarsInLog = 0;
		};
		9BD3AA4EB65C35F81BC3DF90 /* [CP] Check Pods Manifest.lock */ = {
			isa = PBXShellScriptBuildPhase;
			buildActionMask = 2147483647;
			files = (
			);
			inputFileListPaths = (
			);
			inputPaths = (
				"${PODS_PODFILE_DIR_PATH}/Podfile.lock",
				"${PODS_ROOT}/Manifest.lock",
			);
			name = "[CP] Check Pods Manifest.lock";
			outputFileListPaths = (
			);
			outputPaths = (
				"$(DERIVED_FILE_DIR)/Pods-TypeRacerTypeBeatTests-checkManifestLockResult.txt",
			);
			runOnlyForDeploymentPostprocessing = 0;
			shellPath = /bin/sh;
			shellScript = "diff \"${PODS_PODFILE_DIR_PATH}/Podfile.lock\" \"${PODS_ROOT}/Manifest.lock\" > /dev/null\nif [ $? != 0 ] ; then\n    # print error to STDERR\n    echo \"error: The sandbox is not in sync with the Podfile.lock. Run 'pod install' or update your CocoaPods installation.\" >&2\n    exit 1\nfi\n# This output is used by Xcode 'outputs' to avoid re-running this script phase.\necho \"SUCCESS\" > \"${SCRIPT_OUTPUT_FILE_0}\"\n";
			showEnvVarsInLog = 0;
		};
		FB4CB65F8D34BE138A564948 /* [CP] Check Pods Manifest.lock */ = {
			isa = PBXShellScriptBuildPhase;
			buildActionMask = 2147483647;
			files = (
			);
			inputFileListPaths = (
			);
			inputPaths = (
				"${PODS_PODFILE_DIR_PATH}/Podfile.lock",
				"${PODS_ROOT}/Manifest.lock",
			);
			name = "[CP] Check Pods Manifest.lock";
			outputFileListPaths = (
			);
			outputPaths = (
				"$(DERIVED_FILE_DIR)/Pods-TypeRacerTypeBeat-checkManifestLockResult.txt",
			);
			runOnlyForDeploymentPostprocessing = 0;
			shellPath = /bin/sh;
			shellScript = "diff \"${PODS_PODFILE_DIR_PATH}/Podfile.lock\" \"${PODS_ROOT}/Manifest.lock\" > /dev/null\nif [ $? != 0 ] ; then\n    # print error to STDERR\n    echo \"error: The sandbox is not in sync with the Podfile.lock. Run 'pod install' or update your CocoaPods installation.\" >&2\n    exit 1\nfi\n# This output is used by Xcode 'outputs' to avoid re-running this script phase.\necho \"SUCCESS\" > \"${SCRIPT_OUTPUT_FILE_0}\"\n";
			showEnvVarsInLog = 0;
		};
/* End PBXShellScriptBuildPhase section */

/* Begin PBXSourcesBuildPhase section */
		9B33733A27E5CED400C607CC /* Sources */ = {
			isa = PBXSourcesBuildPhase;
			buildActionMask = 2147483647;
			files = (
				9B33734627E5CED400C607CC /* HomeViewController.swift in Sources */,
				9B33734227E5CED400C607CC /* AppDelegate.swift in Sources */,
				DD5E715427E953E400975A58 /* GameManager.swift in Sources */,
				9B33734427E5CED400C607CC /* SceneDelegate.swift in Sources */,
				9B33734C27E5CED400C607CC /* TypeRacerTypeBeat.xcdatamodeld in Sources */,
				DD5E715627E957DC00975A58 /* ComboSystem.swift in Sources */,
				9B33737527E5D0C500C607CC /* BattleViewController.swift in Sources */,
			);
			runOnlyForDeploymentPostprocessing = 0;
		};
		9B33735327E5CED600C607CC /* Sources */ = {
			isa = PBXSourcesBuildPhase;
			buildActionMask = 2147483647;
			files = (
				9B33735C27E5CED600C607CC /* TypeRacerTypeBeatTests.swift in Sources */,
			);
			runOnlyForDeploymentPostprocessing = 0;
		};
		9B33735E27E5CED600C607CC /* Sources */ = {
			isa = PBXSourcesBuildPhase;
			buildActionMask = 2147483647;
			files = (
				9B33736727E5CED600C607CC /* TypeRacerTypeBeatUITests.swift in Sources */,
			);
			runOnlyForDeploymentPostprocessing = 0;
		};
/* End PBXSourcesBuildPhase section */

/* Begin PBXTargetDependency section */
		9B33735927E5CED600C607CC /* PBXTargetDependency */ = {
			isa = PBXTargetDependency;
			target = 9B33733D27E5CED400C607CC /* TypeRacerTypeBeat */;
			targetProxy = 9B33735827E5CED600C607CC /* PBXContainerItemProxy */;
		};
		9B33736427E5CED600C607CC /* PBXTargetDependency */ = {
			isa = PBXTargetDependency;
			target = 9B33733D27E5CED400C607CC /* TypeRacerTypeBeat */;
			targetProxy = 9B33736327E5CED600C607CC /* PBXContainerItemProxy */;
		};
/* End PBXTargetDependency section */

/* Begin PBXVariantGroup section */
		9B33734727E5CED400C607CC /* Main.storyboard */ = {
			isa = PBXVariantGroup;
			children = (
				9B33734827E5CED400C607CC /* Base */,
			);
			name = Main.storyboard;
			sourceTree = "<group>";
		};
		9B33734F27E5CED600C607CC /* LaunchScreen.storyboard */ = {
			isa = PBXVariantGroup;
			children = (
				9B33735027E5CED600C607CC /* Base */,
			);
			name = LaunchScreen.storyboard;
			sourceTree = "<group>";
		};
/* End PBXVariantGroup section */

/* Begin XCBuildConfiguration section */
		9B33736927E5CED600C607CC /* Debug */ = {
			isa = XCBuildConfiguration;
			buildSettings = {
				ALWAYS_SEARCH_USER_PATHS = NO;
				CLANG_ANALYZER_NONNULL = YES;
				CLANG_ANALYZER_NUMBER_OBJECT_CONVERSION = YES_AGGRESSIVE;
				CLANG_CXX_LANGUAGE_STANDARD = "gnu++14";
				CLANG_CXX_LIBRARY = "libc++";
				CLANG_ENABLE_MODULES = YES;
				CLANG_ENABLE_OBJC_ARC = YES;
				CLANG_ENABLE_OBJC_WEAK = YES;
				CLANG_WARN_BLOCK_CAPTURE_AUTORELEASING = YES;
				CLANG_WARN_BOOL_CONVERSION = YES;
				CLANG_WARN_COMMA = YES;
				CLANG_WARN_CONSTANT_CONVERSION = YES;
				CLANG_WARN_DEPRECATED_OBJC_IMPLEMENTATIONS = YES;
				CLANG_WARN_DIRECT_OBJC_ISA_USAGE = YES_ERROR;
				CLANG_WARN_DOCUMENTATION_COMMENTS = YES;
				CLANG_WARN_EMPTY_BODY = YES;
				CLANG_WARN_ENUM_CONVERSION = YES;
				CLANG_WARN_INFINITE_RECURSION = YES;
				CLANG_WARN_INT_CONVERSION = YES;
				CLANG_WARN_NON_LITERAL_NULL_CONVERSION = YES;
				CLANG_WARN_OBJC_IMPLICIT_RETAIN_SELF = YES;
				CLANG_WARN_OBJC_LITERAL_CONVERSION = YES;
				CLANG_WARN_OBJC_ROOT_CLASS = YES_ERROR;
				CLANG_WARN_QUOTED_INCLUDE_IN_FRAMEWORK_HEADER = YES;
				CLANG_WARN_RANGE_LOOP_ANALYSIS = YES;
				CLANG_WARN_STRICT_PROTOTYPES = YES;
				CLANG_WARN_SUSPICIOUS_MOVE = YES;
				CLANG_WARN_UNGUARDED_AVAILABILITY = YES_AGGRESSIVE;
				CLANG_WARN_UNREACHABLE_CODE = YES;
				CLANG_WARN__DUPLICATE_METHOD_MATCH = YES;
				COPY_PHASE_STRIP = NO;
				DEBUG_INFORMATION_FORMAT = dwarf;
				ENABLE_STRICT_OBJC_MSGSEND = YES;
				ENABLE_TESTABILITY = YES;
				GCC_C_LANGUAGE_STANDARD = gnu11;
				GCC_DYNAMIC_NO_PIC = NO;
				GCC_NO_COMMON_BLOCKS = YES;
				GCC_OPTIMIZATION_LEVEL = 0;
				GCC_PREPROCESSOR_DEFINITIONS = (
					"DEBUG=1",
					"$(inherited)",
				);
				GCC_WARN_64_TO_32_BIT_CONVERSION = YES;
				GCC_WARN_ABOUT_RETURN_TYPE = YES_ERROR;
				GCC_WARN_UNDECLARED_SELECTOR = YES;
				GCC_WARN_UNINITIALIZED_AUTOS = YES_AGGRESSIVE;
				GCC_WARN_UNUSED_FUNCTION = YES;
				GCC_WARN_UNUSED_VARIABLE = YES;
				IPHONEOS_DEPLOYMENT_TARGET = 14.5;
				MTL_ENABLE_DEBUG_INFO = INCLUDE_SOURCE;
				MTL_FAST_MATH = YES;
				ONLY_ACTIVE_ARCH = YES;
				SDKROOT = iphoneos;
				SWIFT_ACTIVE_COMPILATION_CONDITIONS = DEBUG;
				SWIFT_OPTIMIZATION_LEVEL = "-Onone";
			};
			name = Debug;
		};
		9B33736A27E5CED600C607CC /* Release */ = {
			isa = XCBuildConfiguration;
			buildSettings = {
				ALWAYS_SEARCH_USER_PATHS = NO;
				CLANG_ANALYZER_NONNULL = YES;
				CLANG_ANALYZER_NUMBER_OBJECT_CONVERSION = YES_AGGRESSIVE;
				CLANG_CXX_LANGUAGE_STANDARD = "gnu++14";
				CLANG_CXX_LIBRARY = "libc++";
				CLANG_ENABLE_MODULES = YES;
				CLANG_ENABLE_OBJC_ARC = YES;
				CLANG_ENABLE_OBJC_WEAK = YES;
				CLANG_WARN_BLOCK_CAPTURE_AUTORELEASING = YES;
				CLANG_WARN_BOOL_CONVERSION = YES;
				CLANG_WARN_COMMA = YES;
				CLANG_WARN_CONSTANT_CONVERSION = YES;
				CLANG_WARN_DEPRECATED_OBJC_IMPLEMENTATIONS = YES;
				CLANG_WARN_DIRECT_OBJC_ISA_USAGE = YES_ERROR;
				CLANG_WARN_DOCUMENTATION_COMMENTS = YES;
				CLANG_WARN_EMPTY_BODY = YES;
				CLANG_WARN_ENUM_CONVERSION = YES;
				CLANG_WARN_INFINITE_RECURSION = YES;
				CLANG_WARN_INT_CONVERSION = YES;
				CLANG_WARN_NON_LITERAL_NULL_CONVERSION = YES;
				CLANG_WARN_OBJC_IMPLICIT_RETAIN_SELF = YES;
				CLANG_WARN_OBJC_LITERAL_CONVERSION = YES;
				CLANG_WARN_OBJC_ROOT_CLASS = YES_ERROR;
				CLANG_WARN_QUOTED_INCLUDE_IN_FRAMEWORK_HEADER = YES;
				CLANG_WARN_RANGE_LOOP_ANALYSIS = YES;
				CLANG_WARN_STRICT_PROTOTYPES = YES;
				CLANG_WARN_SUSPICIOUS_MOVE = YES;
				CLANG_WARN_UNGUARDED_AVAILABILITY = YES_AGGRESSIVE;
				CLANG_WARN_UNREACHABLE_CODE = YES;
				CLANG_WARN__DUPLICATE_METHOD_MATCH = YES;
				COPY_PHASE_STRIP = NO;
				DEBUG_INFORMATION_FORMAT = "dwarf-with-dsym";
				ENABLE_NS_ASSERTIONS = NO;
				ENABLE_STRICT_OBJC_MSGSEND = YES;
				GCC_C_LANGUAGE_STANDARD = gnu11;
				GCC_NO_COMMON_BLOCKS = YES;
				GCC_WARN_64_TO_32_BIT_CONVERSION = YES;
				GCC_WARN_ABOUT_RETURN_TYPE = YES_ERROR;
				GCC_WARN_UNDECLARED_SELECTOR = YES;
				GCC_WARN_UNINITIALIZED_AUTOS = YES_AGGRESSIVE;
				GCC_WARN_UNUSED_FUNCTION = YES;
				GCC_WARN_UNUSED_VARIABLE = YES;
				IPHONEOS_DEPLOYMENT_TARGET = 14.5;
				MTL_ENABLE_DEBUG_INFO = NO;
				MTL_FAST_MATH = YES;
				SDKROOT = iphoneos;
				SWIFT_COMPILATION_MODE = wholemodule;
				SWIFT_OPTIMIZATION_LEVEL = "-O";
				VALIDATE_PRODUCT = YES;
			};
			name = Release;
		};
		9B33736C27E5CED600C607CC /* Debug */ = {
			isa = XCBuildConfiguration;
			baseConfigurationReference = C1A78C64C2B1B4F053B22061 /* Pods-TypeRacerTypeBeat.debug.xcconfig */;
			buildSettings = {
				ASSETCATALOG_COMPILER_APPICON_NAME = AppIcon;
				ASSETCATALOG_COMPILER_GLOBAL_ACCENT_COLOR_NAME = AccentColor;
				CODE_SIGN_STYLE = Automatic;
				DEVELOPMENT_TEAM = J6343H6YZW;
				INFOPLIST_FILE = TypeRacerTypeBeat/Info.plist;
				LD_RUNPATH_SEARCH_PATHS = (
					"$(inherited)",
					"@executable_path/Frameworks",
				);
				PRODUCT_BUNDLE_IDENTIFIER = com.ethantothefox.TypeRacerTypeBeat;
				PRODUCT_NAME = "$(TARGET_NAME)";
				SWIFT_VERSION = 5.0;
				TARGETED_DEVICE_FAMILY = "1,2";
			};
			name = Debug;
		};
		9B33736D27E5CED600C607CC /* Release */ = {
			isa = XCBuildConfiguration;
			baseConfigurationReference = 643669659342CA93EFE8CF3D /* Pods-TypeRacerTypeBeat.release.xcconfig */;
			buildSettings = {
				ASSETCATALOG_COMPILER_APPICON_NAME = AppIcon;
				ASSETCATALOG_COMPILER_GLOBAL_ACCENT_COLOR_NAME = AccentColor;
				CODE_SIGN_STYLE = Automatic;
				DEVELOPMENT_TEAM = J6343H6YZW;
				INFOPLIST_FILE = TypeRacerTypeBeat/Info.plist;
				LD_RUNPATH_SEARCH_PATHS = (
					"$(inherited)",
					"@executable_path/Frameworks",
				);
				PRODUCT_BUNDLE_IDENTIFIER = com.ethantothefox.TypeRacerTypeBeat;
				PRODUCT_NAME = "$(TARGET_NAME)";
				SWIFT_VERSION = 5.0;
				TARGETED_DEVICE_FAMILY = "1,2";
			};
			name = Release;
		};
		9B33736F27E5CED600C607CC /* Debug */ = {
			isa = XCBuildConfiguration;
			baseConfigurationReference = FE053E13346372C4FFFF13C2 /* Pods-TypeRacerTypeBeatTests.debug.xcconfig */;
			buildSettings = {
				ALWAYS_EMBED_SWIFT_STANDARD_LIBRARIES = YES;
				BUNDLE_LOADER = "$(TEST_HOST)";
				CODE_SIGN_STYLE = Automatic;
				DEVELOPMENT_TEAM = J6343H6YZW;
				INFOPLIST_FILE = TypeRacerTypeBeatTests/Info.plist;
				IPHONEOS_DEPLOYMENT_TARGET = 14.5;
				LD_RUNPATH_SEARCH_PATHS = (
					"$(inherited)",
					"@executable_path/Frameworks",
					"@loader_path/Frameworks",
				);
				PRODUCT_BUNDLE_IDENTIFIER = com.ethantothefox.TypeRacerTypeBeatTests;
				PRODUCT_NAME = "$(TARGET_NAME)";
				SWIFT_VERSION = 5.0;
				TARGETED_DEVICE_FAMILY = "1,2";
				TEST_HOST = "$(BUILT_PRODUCTS_DIR)/TypeRacerTypeBeat.app/TypeRacerTypeBeat";
			};
			name = Debug;
		};
		9B33737027E5CED600C607CC /* Release */ = {
			isa = XCBuildConfiguration;
			baseConfigurationReference = 146E5D0E0C75AD96700FDB1B /* Pods-TypeRacerTypeBeatTests.release.xcconfig */;
			buildSettings = {
				ALWAYS_EMBED_SWIFT_STANDARD_LIBRARIES = YES;
				BUNDLE_LOADER = "$(TEST_HOST)";
				CODE_SIGN_STYLE = Automatic;
				DEVELOPMENT_TEAM = J6343H6YZW;
				INFOPLIST_FILE = TypeRacerTypeBeatTests/Info.plist;
				IPHONEOS_DEPLOYMENT_TARGET = 14.5;
				LD_RUNPATH_SEARCH_PATHS = (
					"$(inherited)",
					"@executable_path/Frameworks",
					"@loader_path/Frameworks",
				);
				PRODUCT_BUNDLE_IDENTIFIER = com.ethantothefox.TypeRacerTypeBeatTests;
				PRODUCT_NAME = "$(TARGET_NAME)";
				SWIFT_VERSION = 5.0;
				TARGETED_DEVICE_FAMILY = "1,2";
				TEST_HOST = "$(BUILT_PRODUCTS_DIR)/TypeRacerTypeBeat.app/TypeRacerTypeBeat";
			};
			name = Release;
		};
		9B33737227E5CED600C607CC /* Debug */ = {
			isa = XCBuildConfiguration;
			baseConfigurationReference = AFCD81028E642134F4DB0CA1 /* Pods-TypeRacerTypeBeat-TypeRacerTypeBeatUITests.debug.xcconfig */;
			buildSettings = {
				ALWAYS_EMBED_SWIFT_STANDARD_LIBRARIES = YES;
				CODE_SIGN_STYLE = Automatic;
				DEVELOPMENT_TEAM = J6343H6YZW;
				INFOPLIST_FILE = TypeRacerTypeBeatUITests/Info.plist;
				LD_RUNPATH_SEARCH_PATHS = (
					"$(inherited)",
					"@executable_path/Frameworks",
					"@loader_path/Frameworks",
				);
				PRODUCT_BUNDLE_IDENTIFIER = com.ethantothefox.TypeRacerTypeBeatUITests;
				PRODUCT_NAME = "$(TARGET_NAME)";
				SWIFT_VERSION = 5.0;
				TARGETED_DEVICE_FAMILY = "1,2";
				TEST_TARGET_NAME = TypeRacerTypeBeat;
			};
			name = Debug;
		};
		9B33737327E5CED600C607CC /* Release */ = {
			isa = XCBuildConfiguration;
			baseConfigurationReference = 6ACCE07851342E957236006C /* Pods-TypeRacerTypeBeat-TypeRacerTypeBeatUITests.release.xcconfig */;
			buildSettings = {
				ALWAYS_EMBED_SWIFT_STANDARD_LIBRARIES = YES;
				CODE_SIGN_STYLE = Automatic;
				DEVELOPMENT_TEAM = J6343H6YZW;
				INFOPLIST_FILE = TypeRacerTypeBeatUITests/Info.plist;
				LD_RUNPATH_SEARCH_PATHS = (
					"$(inherited)",
					"@executable_path/Frameworks",
					"@loader_path/Frameworks",
				);
				PRODUCT_BUNDLE_IDENTIFIER = com.ethantothefox.TypeRacerTypeBeatUITests;
				PRODUCT_NAME = "$(TARGET_NAME)";
				SWIFT_VERSION = 5.0;
				TARGETED_DEVICE_FAMILY = "1,2";
				TEST_TARGET_NAME = TypeRacerTypeBeat;
			};
			name = Release;
		};
/* End XCBuildConfiguration section */

/* Begin XCConfigurationList section */
		9B33733927E5CED400C607CC /* Build configuration list for PBXProject "TypeRacerTypeBeat" */ = {
			isa = XCConfigurationList;
			buildConfigurations = (
				9B33736927E5CED600C607CC /* Debug */,
				9B33736A27E5CED600C607CC /* Release */,
			);
			defaultConfigurationIsVisible = 0;
			defaultConfigurationName = Release;
		};
		9B33736B27E5CED600C607CC /* Build configuration list for PBXNativeTarget "TypeRacerTypeBeat" */ = {
			isa = XCConfigurationList;
			buildConfigurations = (
				9B33736C27E5CED600C607CC /* Debug */,
				9B33736D27E5CED600C607CC /* Release */,
			);
			defaultConfigurationIsVisible = 0;
			defaultConfigurationName = Release;
		};
		9B33736E27E5CED600C607CC /* Build configuration list for PBXNativeTarget "TypeRacerTypeBeatTests" */ = {
			isa = XCConfigurationList;
			buildConfigurations = (
				9B33736F27E5CED600C607CC /* Debug */,
				9B33737027E5CED600C607CC /* Release */,
			);
			defaultConfigurationIsVisible = 0;
			defaultConfigurationName = Release;
		};
		9B33737127E5CED600C607CC /* Build configuration list for PBXNativeTarget "TypeRacerTypeBeatUITests" */ = {
			isa = XCConfigurationList;
			buildConfigurations = (
				9B33737227E5CED600C607CC /* Debug */,
				9B33737327E5CED600C607CC /* Release */,
			);
			defaultConfigurationIsVisible = 0;
			defaultConfigurationName = Release;
		};
/* End XCConfigurationList section */

/* Begin XCVersionGroup section */
		9B33734A27E5CED400C607CC /* TypeRacerTypeBeat.xcdatamodeld */ = {
			isa = XCVersionGroup;
			children = (
				9B33734B27E5CED400C607CC /* TypeRacerTypeBeat.xcdatamodel */,
			);
			currentVersion = 9B33734B27E5CED400C607CC /* TypeRacerTypeBeat.xcdatamodel */;
			path = TypeRacerTypeBeat.xcdatamodeld;
			sourceTree = "<group>";
			versionGroupType = wrapper.xcdatamodel;
		};
/* End XCVersionGroup section */
	};
	rootObject = 9B33733627E5CED400C607CC /* Project object */;
}
